# THIS IS AN AUTOGENERATED FILE. DO NOT EDIT THIS FILE DIRECTLY.
# yarn lockfile v1


"@fastify/busboy@^2.0.0":
  version "2.1.1"
  resolved "https://registry.npmjs.org/@fastify/busboy/-/busboy-2.1.1.tgz"
  integrity sha512-vBZP4NlzfOlerQTnba4aqZoMhE/a9HY7HRqoOPaETQcSQuWEIyZMHGfVu6w9wGtGK5fED5qRs2DteVCjOH60sA==

"@firebase/analytics-compat@0.2.11":
  version "0.2.11"
  resolved "https://registry.yarnpkg.com/@firebase/analytics-compat/-/analytics-compat-0.2.11.tgz#82995b29805f306ad862773e2cd907ae8fb7b7e5"
  integrity sha512-wmXxJ49pEY7H549Pa4CDPOTzkPJnfG2Yolptg72ntTgSrbKVq+Eg9cAQY6Z5Kn9ATSQRX5oGXKlNfEk5DJBvvA==
  dependencies:
    "@firebase/analytics" "0.10.5"
    "@firebase/analytics-types" "0.8.2"
    "@firebase/component" "0.6.8"
    "@firebase/util" "1.9.7"
    tslib "^2.1.0"

"@firebase/analytics-types@0.8.2":
  version "0.8.2"
  resolved "https://registry.yarnpkg.com/@firebase/analytics-types/-/analytics-types-0.8.2.tgz#947f85346e404332aac6c996d71fd4a89cd7f87a"
  integrity sha512-EnzNNLh+9/sJsimsA/FGqzakmrAUKLeJvjRHlg8df1f97NLUlFidk9600y0ZgWOp3CAxn6Hjtk+08tixlUOWyw==

"@firebase/analytics@0.10.5":
  version "0.10.5"
  resolved "https://registry.yarnpkg.com/@firebase/analytics/-/analytics-0.10.5.tgz#a455028952bdc25b9da2b0070ebb09ca487ee09f"
  integrity sha512-d0X2ksTOKHMf5zFAMKFZWXa8hSbgohsG507xFsGhF4Uet2b8uEUL/YLrEth67jXEbGEi1UQZX4AaGBxKNiDzjw==
  dependencies:
    "@firebase/component" "0.6.8"
    "@firebase/installations" "0.6.8"
    "@firebase/logger" "0.4.2"
    "@firebase/util" "1.9.7"
    tslib "^2.1.0"

"@firebase/app-check-compat@0.3.12":
  version "0.3.12"
  resolved "https://registry.yarnpkg.com/@firebase/app-check-compat/-/app-check-compat-0.3.12.tgz#34d826f72e058baf1aad11713fda337046fb863c"
  integrity sha512-p/5w3pMih3JVT6u7g04KXgSZr6HDsQXyeWZkIe0+r71dPOlcKyUooe9/feTc8BWpjha3rUOkqQ7+JXZObwvYoQ==
  dependencies:
    "@firebase/app-check" "0.8.5"
    "@firebase/app-check-types" "0.5.2"
    "@firebase/component" "0.6.8"
    "@firebase/logger" "0.4.2"
    "@firebase/util" "1.9.7"
    tslib "^2.1.0"

"@firebase/app-check-interop-types@0.3.2":
  version "0.3.2"
  resolved "https://registry.yarnpkg.com/@firebase/app-check-interop-types/-/app-check-interop-types-0.3.2.tgz#455b6562c7a3de3ef75ea51f72dfec5829ad6997"
  integrity sha512-LMs47Vinv2HBMZi49C09dJxp0QT5LwDzFaVGf/+ITHe3BlIhUiLNttkATSXplc89A2lAaeTqjgqVkiRfUGyQiQ==

"@firebase/app-check-types@0.5.2":
  version "0.5.2"
  resolved "https://registry.yarnpkg.com/@firebase/app-check-types/-/app-check-types-0.5.2.tgz#1221bd09b471e11bb149252f16640a0a51043cbc"
  integrity sha512-FSOEzTzL5bLUbD2co3Zut46iyPWML6xc4x+78TeaXMSuJap5QObfb+rVvZJtla3asN4RwU7elaQaduP+HFizDA==

"@firebase/app-check@0.8.5":
  version "0.8.5"
  resolved "https://registry.yarnpkg.com/@firebase/app-check/-/app-check-0.8.5.tgz#e8b0a6d603592f6a04f2d429029f5adfe1a4d2ca"
  integrity sha512-WyIckkVYAfnzsPIw6EAt/qBUANkUAVl6irF0xuJ1R9ISNyUT1h7dPAwvs/g3rsx0fpBWaHRAH0IFiN6zO6yLqQ==
  dependencies:
    "@firebase/component" "0.6.8"
    "@firebase/logger" "0.4.2"
    "@firebase/util" "1.9.7"
    tslib "^2.1.0"

"@firebase/app-compat@0.2.36":
  version "0.2.36"
  resolved "https://registry.yarnpkg.com/@firebase/app-compat/-/app-compat-0.2.36.tgz#46926ee9ba0d54fc5ec4695e62588b63e2f7584a"
  integrity sha512-qsf+pllpgy1IGe2f5vfenOHSX8Cs58sVR5L6h/zBlNy9Yo54B2jy61KxLpSOgyRZb18IlnLLGjo7VtGU1CHvHA==
  dependencies:
    "@firebase/app" "0.10.6"
    "@firebase/component" "0.6.8"
    "@firebase/logger" "0.4.2"
    "@firebase/util" "1.9.7"
    tslib "^2.1.0"

"@firebase/app-types@0.9.2":
  version "0.9.2"
  resolved "https://registry.yarnpkg.com/@firebase/app-types/-/app-types-0.9.2.tgz#8cbcceba784753a7c0066a4809bc22f93adee080"
  integrity sha512-oMEZ1TDlBz479lmABwWsWjzHwheQKiAgnuKxE0pz0IXCVx7/rtlkx1fQ6GfgK24WCrxDKMplZrT50Kh04iMbXQ==

"@firebase/app@0.10.6":
  version "0.10.6"
  resolved "https://registry.yarnpkg.com/@firebase/app/-/app-0.10.6.tgz#0f96a573c18d75723ddeedb45c02c5471d9de695"
  integrity sha512-/r8Ikp7TOrIIdp7v2adD2kg9SqIXMGOoJXJB1HsX7LjpjWdsoy1fMkP0HlI7GQqqRxDueHNhETx5Zn5E8HyVAQ==
  dependencies:
    "@firebase/component" "0.6.8"
    "@firebase/logger" "0.4.2"
    "@firebase/util" "1.9.7"
    idb "7.1.1"
    tslib "^2.1.0"

"@firebase/auth-compat@0.5.10":
  version "0.5.10"
  resolved "https://registry.yarnpkg.com/@firebase/auth-compat/-/auth-compat-0.5.10.tgz#7705fc27883a8fafb2e85271e1d5cd7314609276"
  integrity sha512-epDhgNIXmhl9DPuTW9Ec5NDJJKMFIdXBXiQI9O0xNHveow/ETtBCY86srzF7iCacqsd30CcpLwwXlhk8Y19Olg==
  dependencies:
    "@firebase/auth" "1.7.5"
    "@firebase/auth-types" "0.12.2"
    "@firebase/component" "0.6.8"
    "@firebase/util" "1.9.7"
    tslib "^2.1.0"
    undici "5.28.4"

"@firebase/auth-interop-types@0.2.3":
  version "0.2.3"
  resolved "https://registry.yarnpkg.com/@firebase/auth-interop-types/-/auth-interop-types-0.2.3.tgz#927f1f2139a680b55fef0bddbff2c982b08587e8"
  integrity sha512-Fc9wuJGgxoxQeavybiuwgyi+0rssr76b+nHpj+eGhXFYAdudMWyfBHvFL/I5fEHniUM/UQdFzi9VXJK2iZF7FQ==

"@firebase/auth-types@0.12.2":
  version "0.12.2"
  resolved "https://registry.yarnpkg.com/@firebase/auth-types/-/auth-types-0.12.2.tgz#f12d890585866e53b6ab18b16fa4d425c52eee6e"
  integrity sha512-qsEBaRMoGvHO10unlDJhaKSuPn4pyoTtlQuP1ghZfzB6rNQPuhp/N/DcFZxm9i4v0SogjCbf9reWupwIvfmH6w==

"@firebase/auth@1.7.5":
  version "1.7.5"
  resolved "https://registry.yarnpkg.com/@firebase/auth/-/auth-1.7.5.tgz#8135e0933e874231d7ebafc94f5796a19f5df39b"
  integrity sha512-DMFR1OA/f1/voeuFbSORg9AP36pMgOoSb/DRgiDalLmIJsDTlQNMCu+givjMP4s/XL85+tBk2MerYnK/AscJjw==
  dependencies:
    "@firebase/component" "0.6.8"
    "@firebase/logger" "0.4.2"
    "@firebase/util" "1.9.7"
    tslib "^2.1.0"
    undici "5.28.4"

"@firebase/component@0.6.8":
  version "0.6.8"
  resolved "https://registry.yarnpkg.com/@firebase/component/-/component-0.6.8.tgz#899b9318c0ce0586580e8cda7eaf61296f7fb43b"
  integrity sha512-LcNvxGLLGjBwB0dJUsBGCej2fqAepWyBubs4jt1Tiuns7QLbXHuyObZ4aMeBjZjWx4m8g1LoVI9QFpSaq/k4/g==
  dependencies:
    "@firebase/util" "1.9.7"
    tslib "^2.1.0"

"@firebase/database-compat@1.0.6":
  version "1.0.6"
  resolved "https://registry.yarnpkg.com/@firebase/database-compat/-/database-compat-1.0.6.tgz#6a4966fe4a9d8bc2cb11ee98a1bb01ab954d7d66"
  integrity sha512-1OGA0sLY47mkXjhICCrUTXEYFnSSXoiXWm1SHsN62b+Lzs5aKA3aWTjTUmYIoK93kDAMPkYpulSv8jcbH4Hwew==
  dependencies:
    "@firebase/component" "0.6.8"
    "@firebase/database" "1.0.6"
    "@firebase/database-types" "1.0.4"
    "@firebase/logger" "0.4.2"
    "@firebase/util" "1.9.7"
    tslib "^2.1.0"

"@firebase/database-types@1.0.4":
  version "1.0.4"
  resolved "https://registry.yarnpkg.com/@firebase/database-types/-/database-types-1.0.4.tgz#dc507f7838ed29ac3235c68ebae5fd42a562e3e8"
  integrity sha512-mz9ZzbH6euFXbcBo+enuJ36I5dR5w+enJHHjy9Y5ThCdKUseqfDjW3vCp1YxE9zygFCSjJJ/z1cQ+zodvUcwPQ==
  dependencies:
    "@firebase/app-types" "0.9.2"
    "@firebase/util" "1.9.7"

"@firebase/database@1.0.6":
  version "1.0.6"
  resolved "https://registry.yarnpkg.com/@firebase/database/-/database-1.0.6.tgz#cf0592b140e207e35c14efe6776fc92266ac408a"
  integrity sha512-nrexUEG/fpVlHtWKkyfhTC3834kZ1WS7voNyqbBsBCqHXQOvznN5Z0L3nxBqdXSJyltNAf4ndFlQqm5gZiEczQ==
  dependencies:
    "@firebase/app-check-interop-types" "0.3.2"
    "@firebase/auth-interop-types" "0.2.3"
    "@firebase/component" "0.6.8"
    "@firebase/logger" "0.4.2"
    "@firebase/util" "1.9.7"
    faye-websocket "0.11.4"
    tslib "^2.1.0"

"@firebase/firestore-compat@0.3.33":
  version "0.3.33"
  resolved "https://registry.yarnpkg.com/@firebase/firestore-compat/-/firestore-compat-0.3.33.tgz#8e591bfafb574c695b09101b98c1a1057f55c60e"
  integrity sha512-i42a2l31N95CwYEB7zmfK0FS1mrO6pwOLwxavCrwu1BCFrVVVQhUheTPIda/iGguK/2Nog0RaIR1bo7QkZEz3g==
  dependencies:
    "@firebase/component" "0.6.8"
    "@firebase/firestore" "4.6.4"
    "@firebase/firestore-types" "3.0.2"
    "@firebase/util" "1.9.7"
    tslib "^2.1.0"

"@firebase/firestore-types@3.0.2":
  version "3.0.2"
  resolved "https://registry.yarnpkg.com/@firebase/firestore-types/-/firestore-types-3.0.2.tgz#75c301acc5fa33943eaaa9570b963c55398cad2a"
  integrity sha512-wp1A+t5rI2Qc/2q7r2ZpjUXkRVPtGMd6zCLsiWurjsQpqPgFin3AhNibKcIzoF2rnToNa/XYtyWXuifjOOwDgg==

"@firebase/firestore@4.6.4":
  version "4.6.4"
  resolved "https://registry.yarnpkg.com/@firebase/firestore/-/firestore-4.6.4.tgz#f53fcfc3ecfeb844f2147a43382d013d21e64968"
  integrity sha512-vk2MoH5HxYEhiNg1l+yBXq1Fkhue/11bFg4HdlTv6BJHcTnnAj2a+/afPpatcW4MOdYA3Tv+d5nGzWbbOC1SHw==
  dependencies:
    "@firebase/component" "0.6.8"
    "@firebase/logger" "0.4.2"
    "@firebase/util" "1.9.7"
    "@firebase/webchannel-wrapper" "1.0.1"
    "@grpc/grpc-js" "~1.9.0"
    "@grpc/proto-loader" "^0.7.8"
    tslib "^2.1.0"
    undici "5.28.4"

"@firebase/functions-compat@0.3.12":
  version "0.3.12"
  resolved "https://registry.yarnpkg.com/@firebase/functions-compat/-/functions-compat-0.3.12.tgz#aae387eb48466df1d031fc5bb755c657cfeb5994"
  integrity sha512-r3XUb5VlITWpML46JymfJPkK6I9j4SNlO7qWIXUc0TUmkv0oAfVoiIt1F83/NuMZXaGr4YWA/794nVSy4GV8tw==
  dependencies:
    "@firebase/component" "0.6.8"
    "@firebase/functions" "0.11.6"
    "@firebase/functions-types" "0.6.2"
    "@firebase/util" "1.9.7"
    tslib "^2.1.0"

"@firebase/functions-types@0.6.2":
  version "0.6.2"
  resolved "https://registry.yarnpkg.com/@firebase/functions-types/-/functions-types-0.6.2.tgz#03b4ec9259d2f57548a3909d6a35ae35ad243552"
  integrity sha512-0KiJ9lZ28nS2iJJvimpY4nNccV21rkQyor5Iheu/nq8aKXJqtJdeSlZDspjPSBBiHRzo7/GMUttegnsEITqR+w==

"@firebase/functions@0.11.6":
  version "0.11.6"
  resolved "https://registry.yarnpkg.com/@firebase/functions/-/functions-0.11.6.tgz#607991a3a870051e6456d7ccb0217fac6305db89"
  integrity sha512-GPfIBPtpwQvsC7SQbgaUjLTdja0CsNwMoKSgrzA1FGGRk4NX6qO7VQU6XCwBiAFWbpbQex6QWkSMsCzLx1uibQ==
  dependencies:
    "@firebase/app-check-interop-types" "0.3.2"
    "@firebase/auth-interop-types" "0.2.3"
    "@firebase/component" "0.6.8"
    "@firebase/messaging-interop-types" "0.2.2"
    "@firebase/util" "1.9.7"
    tslib "^2.1.0"
    undici "5.28.4"

"@firebase/installations-compat@0.2.8":
  version "0.2.8"
  resolved "https://registry.yarnpkg.com/@firebase/installations-compat/-/installations-compat-0.2.8.tgz#ebc908afe84db2754b19a62f7655608911e13819"
  integrity sha512-pI2q8JFHB7yIq/szmhzGSWXtOvtzl6tCUmyykv5C8vvfOVJUH6mP4M4iwjbK8S1JotKd/K70+JWyYlxgQ0Kpyw==
  dependencies:
    "@firebase/component" "0.6.8"
    "@firebase/installations" "0.6.8"
    "@firebase/installations-types" "0.5.2"
    "@firebase/util" "1.9.7"
    tslib "^2.1.0"

"@firebase/installations-types@0.5.2":
  version "0.5.2"
  resolved "https://registry.yarnpkg.com/@firebase/installations-types/-/installations-types-0.5.2.tgz#4d4949e0e83ced7f36cbee009355cd305a36e158"
  integrity sha512-que84TqGRZJpJKHBlF2pkvc1YcXrtEDOVGiDjovP/a3s6W4nlbohGXEsBJo0JCeeg/UG9A+DEZVDUV9GpklUzA==

"@firebase/installations@0.6.8":
  version "0.6.8"
  resolved "https://registry.yarnpkg.com/@firebase/installations/-/installations-0.6.8.tgz#f9c9d493bce04b04ca28814e926ef3ed71f033d6"
  integrity sha512-57V374qdb2+wT5v7+ntpLXBjZkO6WRgmAUbVkRfFTM/4t980p0FesbqTAcOIiM8U866UeuuuF8lYH70D3jM/jQ==
  dependencies:
    "@firebase/component" "0.6.8"
    "@firebase/util" "1.9.7"
    idb "7.1.1"
    tslib "^2.1.0"

"@firebase/logger@0.4.2":
  version "0.4.2"
  resolved "https://registry.yarnpkg.com/@firebase/logger/-/logger-0.4.2.tgz#74dfcfeedee810deb8a7080d5b7eba56aa16ffa2"
  integrity sha512-Q1VuA5M1Gjqrwom6I6NUU4lQXdo9IAQieXlujeHZWvRt1b7qQ0KwBaNAjgxG27jgF9/mUwsNmO8ptBCGVYhB0A==
  dependencies:
    tslib "^2.1.0"

"@firebase/messaging-compat@0.2.10":
  version "0.2.10"
  resolved "https://registry.yarnpkg.com/@firebase/messaging-compat/-/messaging-compat-0.2.10.tgz#08711f75e2d517fd209bfbc65b1f754b09b2121c"
  integrity sha512-FXQm7rcowkDm8kFLduHV35IRYCRo+Ng0PIp/t1+EBuEbyplaKkGjZ932pE+owf/XR+G/60ku2QRBptRGLXZydg==
  dependencies:
    "@firebase/component" "0.6.8"
    "@firebase/messaging" "0.12.10"
    "@firebase/util" "1.9.7"
    tslib "^2.1.0"

"@firebase/messaging-interop-types@0.2.2":
  version "0.2.2"
  resolved "https://registry.yarnpkg.com/@firebase/messaging-interop-types/-/messaging-interop-types-0.2.2.tgz#81042f7e9739733fa4571d17f6eb6869522754d0"
  integrity sha512-l68HXbuD2PPzDUOFb3aG+nZj5KA3INcPwlocwLZOzPp9rFM9yeuI9YLl6DQfguTX5eAGxO0doTR+rDLDvQb5tA==

"@firebase/messaging@0.12.10":
  version "0.12.10"
  resolved "https://registry.yarnpkg.com/@firebase/messaging/-/messaging-0.12.10.tgz#29909f909b9588d44864732377d88de11f3b3ed3"
  integrity sha512-fGbxJPKpl2DIKNJGhbk4mYPcM+qE2gl91r6xPoiol/mN88F5Ym6UeRdMVZah+pijh9WxM55alTYwXuW40r1Y2Q==
  dependencies:
    "@firebase/component" "0.6.8"
    "@firebase/installations" "0.6.8"
    "@firebase/messaging-interop-types" "0.2.2"
    "@firebase/util" "1.9.7"
    idb "7.1.1"
    tslib "^2.1.0"

"@firebase/performance-compat@0.2.8":
  version "0.2.8"
  resolved "https://registry.yarnpkg.com/@firebase/performance-compat/-/performance-compat-0.2.8.tgz#d97bab3fd0c147c7f796e9b8f78712bc0b83699c"
  integrity sha512-o7TFClRVJd3VIBoY7KZQqtCeW0PC6v9uBzM6Lfw3Nc9D7hM6OonqecYvh7NwJ6R14k+xM27frLS4BcCvFHKw2A==
  dependencies:
    "@firebase/component" "0.6.8"
    "@firebase/logger" "0.4.2"
    "@firebase/performance" "0.6.8"
    "@firebase/performance-types" "0.2.2"
    "@firebase/util" "1.9.7"
    tslib "^2.1.0"

"@firebase/performance-types@0.2.2":
  version "0.2.2"
  resolved "https://registry.yarnpkg.com/@firebase/performance-types/-/performance-types-0.2.2.tgz#7b78cd2ab2310bac89a63348d93e67e01eb06dd7"
  integrity sha512-gVq0/lAClVH5STrIdKnHnCo2UcPLjJlDUoEB/tB4KM+hAeHUxWKnpT0nemUPvxZ5nbdY/pybeyMe8Cs29gEcHA==

"@firebase/performance@0.6.8":
  version "0.6.8"
  resolved "https://registry.yarnpkg.com/@firebase/performance/-/performance-0.6.8.tgz#668b0fc207389f7829fd3bfb6614fe819b7db124"
  integrity sha512-F+alziiIZ6Yn8FG47mxwljq+4XkgkT2uJIFRlkyViUQRLzrogaUJW6u/+6ZrePXnouKlKIwzqos3PVJraPEcCA==
  dependencies:
    "@firebase/component" "0.6.8"
    "@firebase/installations" "0.6.8"
    "@firebase/logger" "0.4.2"
    "@firebase/util" "1.9.7"
    tslib "^2.1.0"

"@firebase/remote-config-compat@0.2.8":
  version "0.2.8"
  resolved "https://registry.yarnpkg.com/@firebase/remote-config-compat/-/remote-config-compat-0.2.8.tgz#a6df065c1fd0a943e84ee0e76acfc6c1bede42f9"
  integrity sha512-UxSFOp6dzFj2AHB8Bq/BYtbq5iFyizKx4Rd6WxAdaKYM8cnPMeK+l2v+Oogtjae+AeyHRI+MfL2acsfVe5cd2A==
  dependencies:
    "@firebase/component" "0.6.8"
    "@firebase/logger" "0.4.2"
    "@firebase/remote-config" "0.4.8"
    "@firebase/remote-config-types" "0.3.2"
    "@firebase/util" "1.9.7"
    tslib "^2.1.0"

"@firebase/remote-config-types@0.3.2":
  version "0.3.2"
  resolved "https://registry.yarnpkg.com/@firebase/remote-config-types/-/remote-config-types-0.3.2.tgz#a5d1009c6fd08036c5cd4f28764e3cd694f966d5"
  integrity sha512-0BC4+Ud7y2aPTyhXJTMTFfrGGLqdYXrUB9sJVAB8NiqJswDTc4/2qrE/yfUbnQJhbSi6ZaTTBKyG3n1nplssaA==

"@firebase/remote-config@0.4.8":
  version "0.4.8"
  resolved "https://registry.yarnpkg.com/@firebase/remote-config/-/remote-config-0.4.8.tgz#b6a79acdf73554e0ee31c278162b85592fc8c1f3"
  integrity sha512-AMLqe6wfIRnjc6FkCWOSUjhc1fSTEf8o+cv1NolFvbiJ/tU+TqN4pI7pT+MIKQzNiq5fxLehkOx+xtAQBxPJKQ==
  dependencies:
    "@firebase/component" "0.6.8"
    "@firebase/installations" "0.6.8"
    "@firebase/logger" "0.4.2"
    "@firebase/util" "1.9.7"
    tslib "^2.1.0"

"@firebase/storage-compat@0.3.9":
  version "0.3.9"
  resolved "https://registry.yarnpkg.com/@firebase/storage-compat/-/storage-compat-0.3.9.tgz#42496a7b5f7c384f0ea590d704934465102b4527"
  integrity sha512-WWgAp5bTW961oIsCc9+98m4MIVKpEqztAlIngfHfwO/x3DYoBPRl/awMRG3CAXyVxG+7B7oHC5IsnqM+vTwx2A==
  dependencies:
    "@firebase/component" "0.6.8"
    "@firebase/storage" "0.12.6"
    "@firebase/storage-types" "0.8.2"
    "@firebase/util" "1.9.7"
    tslib "^2.1.0"

"@firebase/storage-types@0.8.2":
  version "0.8.2"
  resolved "https://registry.yarnpkg.com/@firebase/storage-types/-/storage-types-0.8.2.tgz#edb321b8a3872a9f74e1f27de046f160021c8e1f"
  integrity sha512-0vWu99rdey0g53lA7IShoA2Lol1jfnPovzLDUBuon65K7uKG9G+L5uO05brD9pMw+l4HRFw23ah3GwTGpEav6g==

"@firebase/storage@0.12.6":
  version "0.12.6"
  resolved "https://registry.yarnpkg.com/@firebase/storage/-/storage-0.12.6.tgz#49b2c77f10fd97da913a93e37c86cdff92a805eb"
  integrity sha512-Zgb9WuehJxzhj7pGXUvkAEaH+3HvLjD9xSZ9nepuXf5f8378xME7oGJtREr/RnepdDA5YW0XIxe0QQBNHpe1nw==
  dependencies:
    "@firebase/component" "0.6.8"
    "@firebase/util" "1.9.7"
    tslib "^2.1.0"
    undici "5.28.4"

"@firebase/util@1.9.7":
  version "1.9.7"
  resolved "https://registry.yarnpkg.com/@firebase/util/-/util-1.9.7.tgz#c03b0ae065b3bba22800da0bd5314ef030848038"
  integrity sha512-fBVNH/8bRbYjqlbIhZ+lBtdAAS4WqZumx03K06/u7fJSpz1TGjEMm1ImvKD47w+xaFKIP2ori6z8BrbakRfjJA==
  dependencies:
    tslib "^2.1.0"

"@firebase/vertexai-preview@0.0.3":
  version "0.0.3"
  resolved "https://registry.yarnpkg.com/@firebase/vertexai-preview/-/vertexai-preview-0.0.3.tgz#73dea839439ebdbb5ccd946f297ede5b57e6e7e9"
  integrity sha512-KVtUWLp+ScgiwkDKAvNkVucAyhLVQp6C6lhnVEuIg4mWhWcS3oerjAeVhZT4uNofKwWxRsOaB2Yec7DMTXlQPQ==
  dependencies:
    "@firebase/app-check-interop-types" "0.3.2"
    "@firebase/component" "0.6.8"
    "@firebase/logger" "0.4.2"
    "@firebase/util" "1.9.7"
    tslib "^2.1.0"

"@firebase/webchannel-wrapper@1.0.1":
  version "1.0.1"
  resolved "https://registry.yarnpkg.com/@firebase/webchannel-wrapper/-/webchannel-wrapper-1.0.1.tgz#0b62c9f47f557a5b4adc073bb0a47542ce6af4c4"
  integrity sha512-jmEnr/pk0yVkA7mIlHNnxCi+wWzOFUg0WyIotgkKAb2u1J7fAeDBcVNSTjTihbAYNusCLQdW5s9IJ5qwnEufcQ==

"@floating-ui/core@^1.6.0":
  version "1.6.4"
  resolved "https://registry.yarnpkg.com/@floating-ui/core/-/core-1.6.4.tgz#0140cf5091c8dee602bff9da5ab330840ff91df6"
  integrity sha512-a4IowK4QkXl4SCWTGUR0INAfEOX3wtsYw3rKK5InQEHMGObkR8Xk44qYQD9P4r6HHw0iIfK6GUKECmY8sTkqRA==
  dependencies:
    "@floating-ui/utils" "^0.2.4"

"@floating-ui/dom@^1.0.0":
  version "1.6.7"
  resolved "https://registry.yarnpkg.com/@floating-ui/dom/-/dom-1.6.7.tgz#85d22f731fcc5b209db504478fb1df5116a83015"
  integrity sha512-wmVfPG5o2xnKDU4jx/m4w5qva9FWHcnZ8BvzEe90D/RpwsJaTAVYPEPdQ8sbr/N8zZTAHlZUTQdqg8ZUbzHmng==
  dependencies:
    "@floating-ui/core" "^1.6.0"
    "@floating-ui/utils" "^0.2.4"

"@floating-ui/react-dom@^2.1.1":
  version "2.1.1"
  resolved "https://registry.yarnpkg.com/@floating-ui/react-dom/-/react-dom-2.1.1.tgz#cca58b6b04fc92b4c39288252e285e0422291fb0"
  integrity sha512-4h84MJt3CHrtG18mGsXuLCHMrug49d7DFkU0RMIyshRveBeyV2hmV/pDaF2Uxtu8kgq5r46llp5E5FQiR0K2Yg==
  dependencies:
    "@floating-ui/dom" "^1.0.0"

"@floating-ui/react@^0.26.2":
  version "0.26.19"
  resolved "https://registry.yarnpkg.com/@floating-ui/react/-/react-0.26.19.tgz#e3c713bec8a7264caa6f8195e0865f9210f483a1"
  integrity sha512-Jk6zITdjjIvjO/VdQFvpRaD3qPwOHH6AoDHxjhpy+oK4KFgaSP871HYWUAPdnLmx1gQ+w/pB312co3tVml+BXA==
  dependencies:
    "@floating-ui/react-dom" "^2.1.1"
    "@floating-ui/utils" "^0.2.4"
    tabbable "^6.0.0"

"@floating-ui/utils@^0.2.4":
  version "0.2.4"
  resolved "https://registry.yarnpkg.com/@floating-ui/utils/-/utils-0.2.4.tgz#1d459cee5031893a08a0e064c406ad2130cced7c"
  integrity sha512-dWO2pw8hhi+WrXq1YJy2yCuWoL20PddgGaqTgVe4cOS9Q6qklXCiA1tJEqX6BEwRNSCP84/afac9hd4MS+zEUA==

"@grpc/grpc-js@~1.9.0":
  version "1.9.14"
  resolved "https://registry.npmjs.org/@grpc/grpc-js/-/grpc-js-1.9.14.tgz"
  integrity sha512-nOpuzZ2G3IuMFN+UPPpKrC6NsLmWsTqSsm66IRfnBt1D4pwTqE27lmbpcPM+l2Ua4gE7PfjRHI6uedAy7hoXUw==
  dependencies:
    "@grpc/proto-loader" "^0.7.8"
    "@types/node" ">=12.12.47"

"@grpc/proto-loader@^0.7.8":
  version "0.7.13"
  resolved "https://registry.npmjs.org/@grpc/proto-loader/-/proto-loader-0.7.13.tgz"
  integrity sha512-AiXO/bfe9bmxBjxxtYxFAXGZvMaN5s8kO+jBHAJCON8rJoB5YS/D6X7ZNc6XQkuHNmyl4CYaMI1fJ/Gn27RGGw==
  dependencies:
    lodash.camelcase "^4.3.0"
    long "^5.0.0"
    protobufjs "^7.2.5"
    yargs "^17.7.2"

"@protobufjs/aspromise@^1.1.1", "@protobufjs/aspromise@^1.1.2":
  version "1.1.2"
  resolved "https://registry.npmjs.org/@protobufjs/aspromise/-/aspromise-1.1.2.tgz"
  integrity sha512-j+gKExEuLmKwvz3OgROXtrJ2UG2x8Ch2YZUxahh+s1F2HZ+wAceUNLkvy6zKCPVRkU++ZWQrdxsUeQXmcg4uoQ==

"@protobufjs/base64@^1.1.2":
  version "1.1.2"
  resolved "https://registry.npmjs.org/@protobufjs/base64/-/base64-1.1.2.tgz"
  integrity sha512-AZkcAA5vnN/v4PDqKyMR5lx7hZttPDgClv83E//FMNhR2TMcLUhfRUBHCmSl0oi9zMgDDqRUJkSxO3wm85+XLg==

"@protobufjs/codegen@^2.0.4":
  version "2.0.4"
  resolved "https://registry.npmjs.org/@protobufjs/codegen/-/codegen-2.0.4.tgz"
  integrity sha512-YyFaikqM5sH0ziFZCN3xDC7zeGaB/d0IUb9CATugHWbd1FRFwWwt4ld4OYMPWu5a3Xe01mGAULCdqhMlPl29Jg==

"@protobufjs/eventemitter@^1.1.0":
  version "1.1.0"
  resolved "https://registry.npmjs.org/@protobufjs/eventemitter/-/eventemitter-1.1.0.tgz"
  integrity sha512-j9ednRT81vYJ9OfVuXG6ERSTdEL1xVsNgqpkxMsbIabzSo3goCjDIveeGv5d03om39ML71RdmrGNjG5SReBP/Q==

"@protobufjs/fetch@^1.1.0":
  version "1.1.0"
  resolved "https://registry.npmjs.org/@protobufjs/fetch/-/fetch-1.1.0.tgz"
  integrity sha512-lljVXpqXebpsijW71PZaCYeIcE5on1w5DlQy5WH6GLbFryLUrBD4932W/E2BSpfRJWseIL4v/KPgBFxDOIdKpQ==
  dependencies:
    "@protobufjs/aspromise" "^1.1.1"
    "@protobufjs/inquire" "^1.1.0"

"@protobufjs/float@^1.0.2":
  version "1.0.2"
  resolved "https://registry.npmjs.org/@protobufjs/float/-/float-1.0.2.tgz"
  integrity sha512-Ddb+kVXlXst9d+R9PfTIxh1EdNkgoRe5tOX6t01f1lYWOvJnSPDBlG241QLzcyPdoNTsblLUdujGSE4RzrTZGQ==

"@protobufjs/inquire@^1.1.0":
  version "1.1.0"
  resolved "https://registry.npmjs.org/@protobufjs/inquire/-/inquire-1.1.0.tgz"
  integrity sha512-kdSefcPdruJiFMVSbn801t4vFK7KB/5gd2fYvrxhuJYg8ILrmn9SKSX2tZdV6V+ksulWqS7aXjBcRXl3wHoD9Q==

"@protobufjs/path@^1.1.2":
  version "1.1.2"
  resolved "https://registry.npmjs.org/@protobufjs/path/-/path-1.1.2.tgz"
  integrity sha512-6JOcJ5Tm08dOHAbdR3GrvP+yUUfkjG5ePsHYczMFLq3ZmMkAD98cDgcT2iA1lJ9NVwFd4tH/iSSoe44YWkltEA==

"@protobufjs/pool@^1.1.0":
  version "1.1.0"
  resolved "https://registry.npmjs.org/@protobufjs/pool/-/pool-1.1.0.tgz"
  integrity sha512-0kELaGSIDBKvcgS4zkjz1PeddatrjYcmMWOlAuAPwAeccUrPHdUqo/J6LiymHHEiJT5NrF1UVwxY14f+fy4WQw==

"@protobufjs/utf8@^1.1.0":
  version "1.1.0"
  resolved "https://registry.npmjs.org/@protobufjs/utf8/-/utf8-1.1.0.tgz"
  integrity sha512-Vvn3zZrhQZkkBE8LSuW3em98c0FwgO4nxzv6OdSxPKJIEKY2bGbHn+mhGIPerzI4twdxaP8/0+06HBpwf345Lw==

"@remix-run/router@1.16.0":
  version "1.16.0"
  resolved "https://registry.npmjs.org/@remix-run/router/-/router-1.16.0.tgz"
  integrity sha512-Quz1KOffeEf/zwkCBM3kBtH4ZoZ+pT3xIXBG4PPW/XFtDP7EGhtTiC2+gpL9GnR7+Qdet5Oa6cYSvwKYg6kN9Q==

"@types/node@>=12.12.47", "@types/node@>=13.7.0":
  version "20.12.8"
  resolved "https://registry.npmjs.org/@types/node/-/node-20.12.8.tgz"
  integrity sha512-NU0rJLJnshZWdE/097cdCBbyW1h4hEg0xpovcoAQYHl8dnEyp/NAOiE45pvc+Bd1Dt+2r94v2eGFpQJ4R7g+2w==
  dependencies:
    undici-types "~5.26.4"

"@types/prop-types@*":
  version "15.7.12"
  resolved "https://registry.npmjs.org/@types/prop-types/-/prop-types-15.7.12.tgz"
  integrity sha512-5zvhXYtRNRluoE/jAp4GVsSduVUzNWKkOZrCDBWYtE7biZywwdC2AcEzg+cSMLFRfVgeAFqpfNabiPjxFddV1Q==

"@types/react-dom@^18.3.0":
  version "18.3.0"
  resolved "https://registry.npmjs.org/@types/react-dom/-/react-dom-18.3.0.tgz"
  integrity sha512-EhwApuTmMBmXuFOikhQLIBUn6uFg81SwLMOAUgodJF14SOBOCMdU04gDoYi0WOJJHD144TL32z4yDqCW3dnkQg==
  dependencies:
    "@types/react" "*"

"@types/react@*", "@types/react@^18.3.1":
  version "18.3.1"
  resolved "https://registry.npmjs.org/@types/react/-/react-18.3.1.tgz"
  integrity sha512-V0kuGBX3+prX+DQ/7r2qsv1NsdfnCLnTgnRJ1pYnxykBhGMz+qj+box5lq7XsO5mtZsBqpjwwTu/7wszPfMBcw==
  dependencies:
    "@types/prop-types" "*"
    csstype "^3.0.2"

ansi-regex@^5.0.1:
  version "5.0.1"
  resolved "https://registry.npmjs.org/ansi-regex/-/ansi-regex-5.0.1.tgz"
  integrity sha512-quJQXlTSUGL2LH9SUXo8VwsY4soanhgo6LNSm84E1LBcE8s3O0wpdiRzyR9z/ZZJMlMWv37qOOb9pdJlMUEKFQ==

ansi-styles@^4.0.0:
  version "4.3.0"
  resolved "https://registry.npmjs.org/ansi-styles/-/ansi-styles-4.3.0.tgz"
  integrity sha512-zbB9rCJAT1rbjiVDb2hqKFHNYLxgtk8NURxZ3IZwD3F6NtxbXZQCnnSi1Lkx+IDohdPlFp222wVALIheZJQSEg==
  dependencies:
    color-convert "^2.0.1"

cliui@^8.0.1:
  version "8.0.1"
  resolved "https://registry.npmjs.org/cliui/-/cliui-8.0.1.tgz"
  integrity sha512-BSeNnyus75C4//NQ9gQt1/csTXyo/8Sb+afLAkzAptFuMsod9HFokGNudZpi/oQV73hnVK+sR+5PVRMd+Dr7YQ==
  dependencies:
    string-width "^4.2.0"
    strip-ansi "^6.0.1"
    wrap-ansi "^7.0.0"

clsx@^2.1.0:
  version "2.1.1"
  resolved "https://registry.yarnpkg.com/clsx/-/clsx-2.1.1.tgz#eed397c9fd8bd882bfb18deab7102049a2f32999"
  integrity sha512-eYm0QWBtUrBWZWG0d386OGAw16Z995PiOVo2B7bjWSbHedGl5e0ZWaq65kOGgUSNesEIDkB9ISbTg/JK9dhCZA==

color-convert@^2.0.1:
  version "2.0.1"
  resolved "https://registry.npmjs.org/color-convert/-/color-convert-2.0.1.tgz"
  integrity sha512-RRECPsj7iu/xb5oKYcsFHSppFNnsj/52OVTRKb4zP5onXwVF3zVmmToNcOfGC+CRDpfK/U584fMg38ZHCaElKQ==
  dependencies:
    color-name "~1.1.4"

color-name@~1.1.4:
  version "1.1.4"
  resolved "https://registry.npmjs.org/color-name/-/color-name-1.1.4.tgz"
  integrity sha512-dOy+3AuW3a2wNbZHIuMZpTcgjGuLU/uBL/ubcZF9OXbDo8ff4O8yVp5Bf0efS8uEoYo5q4Fx7dY9OgQGXgAsQA==

csstype@^3.0.2:
  version "3.1.3"
  resolved "https://registry.npmjs.org/csstype/-/csstype-3.1.3.tgz"
  integrity sha512-M1uQkMl8rQK/szD0LNhtqxIPLpimGm8sOBwU7lLnCpSbTyY3yeU1Vc7l4KT5zT4s/yOxHH5O7tIuuLOCnLADRw==

date-fns@^3.3.1, date-fns@^3.6.0:
  version "3.6.0"
  resolved "https://registry.yarnpkg.com/date-fns/-/date-fns-3.6.0.tgz#f20ca4fe94f8b754951b24240676e8618c0206bf"
  integrity sha512-fRHTG8g/Gif+kSh50gaGEdToemgfj74aRX3swtiouboip5JDLAyDE9F11nHMIcvOaXeOC6D7SpNhi7uFyB7Uww==

emoji-regex@^8.0.0:
  version "8.0.0"
  resolved "https://registry.npmjs.org/emoji-regex/-/emoji-regex-8.0.0.tgz"
  integrity sha512-MSjYzcWNOA0ewAHpz0MxpYFvwg6yjy1NG3xteoqz644VCo/RPgnr1/GGt+ic3iJTzQ8Eu3TdM14SawnVUmGE6A==

escalade@^3.1.1:
  version "3.1.2"
  resolved "https://registry.npmjs.org/escalade/-/escalade-3.1.2.tgz"
  integrity sha512-ErCHMCae19vR8vQGe50xIsVomy19rg6gFu3+r3jkEO46suLMWBksvVyoGgQV+jOfl84ZSOSlmv6Gxa89PmTGmA==

faye-websocket@0.11.4:
  version "0.11.4"
  resolved "https://registry.npmjs.org/faye-websocket/-/faye-websocket-0.11.4.tgz"
  integrity sha512-CzbClwlXAuiRQAlUyfqPgvPoNKTckTPGfwZV4ZdAhVcP2lh9KUxJg2b5GkE7XbjKQ3YJnQ9z6D9ntLAlB+tP8g==
  dependencies:
    websocket-driver ">=0.5.1"

firebase@^10.12.3:
  version "10.12.3"
  resolved "https://registry.yarnpkg.com/firebase/-/firebase-10.12.3.tgz#b94510728f603a15367b95e12a00b366700ba7f8"
  integrity sha512-dO2cQ8eP6RnM2wcGzbxnoljjjMBf1suUrHYFftjSpbPn/8bEx959cwTRDHqBx3MwSzNsg6zZV/wiWydJPhUKgw==
  dependencies:
    "@firebase/analytics" "0.10.5"
    "@firebase/analytics-compat" "0.2.11"
    "@firebase/app" "0.10.6"
    "@firebase/app-check" "0.8.5"
    "@firebase/app-check-compat" "0.3.12"
    "@firebase/app-compat" "0.2.36"
    "@firebase/app-types" "0.9.2"
    "@firebase/auth" "1.7.5"
    "@firebase/auth-compat" "0.5.10"
    "@firebase/database" "1.0.6"
    "@firebase/database-compat" "1.0.6"
    "@firebase/firestore" "4.6.4"
    "@firebase/firestore-compat" "0.3.33"
    "@firebase/functions" "0.11.6"
    "@firebase/functions-compat" "0.3.12"
    "@firebase/installations" "0.6.8"
    "@firebase/installations-compat" "0.2.8"
    "@firebase/messaging" "0.12.10"
    "@firebase/messaging-compat" "0.2.10"
    "@firebase/performance" "0.6.8"
    "@firebase/performance-compat" "0.2.8"
    "@firebase/remote-config" "0.4.8"
    "@firebase/remote-config-compat" "0.2.8"
    "@firebase/storage" "0.12.6"
    "@firebase/storage-compat" "0.3.9"
    "@firebase/util" "1.9.7"
    "@firebase/vertexai-preview" "0.0.3"

get-caller-file@^2.0.5:
  version "2.0.5"
  resolved "https://registry.npmjs.org/get-caller-file/-/get-caller-file-2.0.5.tgz"
  integrity sha512-DyFP3BM/3YHTQOCUL/w0OZHR0lpKeGrxotcHWcqNEdnltqFwXVfhEBQ94eIo34AfQpo0rGki4cyIiftY06h2Fg==

http-parser-js@>=0.5.1:
  version "0.5.8"
  resolved "https://registry.npmjs.org/http-parser-js/-/http-parser-js-0.5.8.tgz"
  integrity sha512-SGeBX54F94Wgu5RH3X5jsDtf4eHyRogWX1XGT3b4HuW3tQPM4AaBzoUji/4AAJNXCEOWZ5O0DgZmJw1947gD5Q==

idb@7.1.1:
  version "7.1.1"
  resolved "https://registry.npmjs.org/idb/-/idb-7.1.1.tgz"
  integrity sha512-gchesWBzyvGHRO9W8tzUWFDycow5gwjvFKfyV9FF32Y7F50yZMp7mP+T2mJIWFx49zicqyC4uefHM17o6xKIVQ==

is-fullwidth-code-point@^3.0.0:
  version "3.0.0"
  resolved "https://registry.npmjs.org/is-fullwidth-code-point/-/is-fullwidth-code-point-3.0.0.tgz"
  integrity sha512-zymm5+u+sCsSWyD9qNaejV3DFvhCKclKdizYaJUuHA83RLjb7nSuGnddCHGv0hk+KY7BMAlsWeK4Ueg6EV6XQg==

"js-tokens@^3.0.0 || ^4.0.0":
  version "4.0.0"
  resolved "https://registry.npmjs.org/js-tokens/-/js-tokens-4.0.0.tgz"
  integrity sha512-RdJUflcE3cUzKiMqQgsCu06FPu9UdIJO0beYbPhHN4k6apgJtifcoCtT9bcxOpYBtpD2kCM6Sbzg4CausW/PKQ==

lodash.camelcase@^4.3.0:
  version "4.3.0"
  resolved "https://registry.npmjs.org/lodash.camelcase/-/lodash.camelcase-4.3.0.tgz"
  integrity sha512-TwuEnCnxbc3rAvhf/LbG7tJUDzhqXyFnv3dtzLOPgCG/hODL7WFnsbwktkD7yUV0RrreP/l1PALq/YSg6VvjlA==

long@^5.0.0:
  version "5.2.3"
  resolved "https://registry.npmjs.org/long/-/long-5.2.3.tgz"
  integrity sha512-lcHwpNoggQTObv5apGNCTdJrO69eHOZMi4BNC+rTLER8iHAqGrUVeLh/irVIM7zTw2bOXA8T6uNPeujwOLg/2Q==

loose-envify@^1.1.0, loose-envify@^1.4.0:
  version "1.4.0"
  resolved "https://registry.npmjs.org/loose-envify/-/loose-envify-1.4.0.tgz"
  integrity sha512-lyuxPGr/Wfhrlem2CL/UcnUc1zcqKAImBDzukY7Y5F/yQiNdko6+fRLevlw1HgMySw7f611UIY408EtxRSoK3Q==
  dependencies:
    js-tokens "^3.0.0 || ^4.0.0"

object-assign@^4.1.1:
  version "4.1.1"
  resolved "https://registry.yarnpkg.com/object-assign/-/object-assign-4.1.1.tgz#2109adc7965887cfc05cbbd442cac8bfbb360863"
  integrity sha512-rJgTQnkUnH1sFw8yT6VSU3zD3sWmu6sZhIseY8VX+GRu3P6F7Fu+JNDoXfklElbLJSnc3FUQHVe4cU5hj+BcUg==

prop-types@^15.7.2:
  version "15.8.1"
  resolved "https://registry.yarnpkg.com/prop-types/-/prop-types-15.8.1.tgz#67d87bf1a694f48435cf332c24af10214a3140b5"
  integrity sha512-oj87CgZICdulUohogVAR7AjlC0327U4el4L6eAvOqCeudMDVU0NThNaV+b9Df4dXgSP1gXMTnPdhfe/2qDH5cg==
  dependencies:
    loose-envify "^1.4.0"
    object-assign "^4.1.1"
    react-is "^16.13.1"

protobufjs@^7.2.5:
  version "7.2.6"
  resolved "https://registry.npmjs.org/protobufjs/-/protobufjs-7.2.6.tgz"
  integrity sha512-dgJaEDDL6x8ASUZ1YqWciTRrdOuYNzoOf27oHNfdyvKqHr5i0FV7FSLU+aIeFjyFgVxrpTOtQUi0BLLBymZaBw==
  dependencies:
    "@protobufjs/aspromise" "^1.1.2"
    "@protobufjs/base64" "^1.1.2"
    "@protobufjs/codegen" "^2.0.4"
    "@protobufjs/eventemitter" "^1.1.0"
    "@protobufjs/fetch" "^1.1.0"
    "@protobufjs/float" "^1.0.2"
    "@protobufjs/inquire" "^1.1.0"
    "@protobufjs/path" "^1.1.2"
    "@protobufjs/pool" "^1.1.0"
    "@protobufjs/utf8" "^1.1.0"
    "@types/node" ">=13.7.0"
    long "^5.0.0"

react-datepicker@^7.3.0:
  version "7.3.0"
  resolved "https://registry.yarnpkg.com/react-datepicker/-/react-datepicker-7.3.0.tgz#666664a609d4b57b095083fe29d080943fa7b3ed"
  integrity sha512-EqRKLAtLZUTztiq6a+tjSjQX9ES0Xd229JPckAtyZZ4GoY3rtvNWAzkYZnQUf6zTWT50Ki0+t+W9VRQIkSJLfg==
  dependencies:
    "@floating-ui/react" "^0.26.2"
    clsx "^2.1.0"
    date-fns "^3.3.1"
    prop-types "^15.7.2"
    react-onclickoutside "^6.13.0"

react-dom@^18.3.1:
  version "18.3.1"
  resolved "https://registry.npmjs.org/react-dom/-/react-dom-18.3.1.tgz"
  integrity sha512-5m4nQKp+rZRb09LNH59GM4BxTh9251/ylbKIbpe7TpGxfJ+9kv6BLkLBXIjjspbgbnIBNqlI23tRnTWT0snUIw==
  dependencies:
    loose-envify "^1.1.0"
    scheduler "^0.23.2"

react-is@^16.13.1:
  version "16.13.1"
  resolved "https://registry.yarnpkg.com/react-is/-/react-is-16.13.1.tgz#789729a4dc36de2999dc156dd6c1d9c18cea56a4"
  integrity sha512-24e6ynE2H+OKt4kqsOvNd8kBpV65zoxbA4BVsEOB3ARVWQki/DHzaUoC5KuON/BiccDaCCTZBuOcfZs70kR8bQ==

react-onclickoutside@^6.13.0:
  version "6.13.1"
  resolved "https://registry.yarnpkg.com/react-onclickoutside/-/react-onclickoutside-6.13.1.tgz#1f5e0241c08784b6e65745d91aca0d700c548a89"
  integrity sha512-LdrrxK/Yh9zbBQdFbMTXPp3dTSN9B+9YJQucdDu3JNKRrbdU+H+/TVONJoWtOwy4II8Sqf1y/DTI6w/vGPYW0w==

react-router-dom@^6.23.0:
  version "6.23.0"
  resolved "https://registry.npmjs.org/react-router-dom/-/react-router-dom-6.23.0.tgz"
  integrity sha512-Q9YaSYvubwgbal2c9DJKfx6hTNoBp3iJDsl+Duva/DwxoJH+OTXkxGpql4iUK2sla/8z4RpjAm6EWx1qUDuopQ==
  dependencies:
    "@remix-run/router" "1.16.0"
    react-router "6.23.0"

react-router@6.23.0:
  version "6.23.0"
  resolved "https://registry.npmjs.org/react-router/-/react-router-6.23.0.tgz"
  integrity sha512-wPMZ8S2TuPadH0sF5irFGjkNLIcRvOSaEe7v+JER8508dyJumm6XZB1u5kztlX0RVq6AzRVndzqcUh6sFIauzA==
  dependencies:
    "@remix-run/router" "1.16.0"

react@^18.3.1:
  version "18.3.1"
  resolved "https://registry.npmjs.org/react/-/react-18.3.1.tgz"
  integrity sha512-wS+hAgJShR0KhEvPJArfuPVN1+Hz1t0Y6n5jLrGQbkb4urgPE/0Rve+1kMB1v/oWgHgm4WIcV+i7F2pTVj+2iQ==
  dependencies:
    loose-envify "^1.1.0"

require-directory@^2.1.1:
  version "2.1.1"
  resolved "https://registry.npmjs.org/require-directory/-/require-directory-2.1.1.tgz"
  integrity sha512-fGxEI7+wsG9xrvdjsrlmL22OMTTiHRwAMroiEeMgq8gzoLC/PQr7RsRDSTLUg/bZAZtF+TVIkHc6/4RIKrui+Q==

safe-buffer@>=5.1.0:
  version "5.2.1"
  resolved "https://registry.npmjs.org/safe-buffer/-/safe-buffer-5.2.1.tgz"
  integrity sha512-rp3So07KcdmmKbGvgaNxQSJr7bGVSVk5S9Eq1F+ppbRo70+YeaDxkw5Dd8NPN+GD6bjnYm2VuPuCXmpuYvmCXQ==

scheduler@^0.23.2:
  version "0.23.2"
  resolved "https://registry.npmjs.org/scheduler/-/scheduler-0.23.2.tgz"
  integrity sha512-UOShsPwz7NrMUqhR6t0hWjFduvOzbtv7toDH1/hIrfRNIDBnnBWd0CwJTGvTpngVlmwGCdP9/Zl/tVrDqcuYzQ==
  dependencies:
    loose-envify "^1.1.0"

string-width@^4.1.0, string-width@^4.2.0, string-width@^4.2.3:
  version "4.2.3"
  resolved "https://registry.npmjs.org/string-width/-/string-width-4.2.3.tgz"
  integrity sha512-wKyQRQpjJ0sIp62ErSZdGsjMJWsap5oRNihHhu6G7JVO/9jIB6UyevL+tXuOqrng8j/cxKTWyWUwvSTriiZz/g==
  dependencies:
    emoji-regex "^8.0.0"
    is-fullwidth-code-point "^3.0.0"
    strip-ansi "^6.0.1"

strip-ansi@^6.0.0, strip-ansi@^6.0.1:
  version "6.0.1"
  resolved "https://registry.npmjs.org/strip-ansi/-/strip-ansi-6.0.1.tgz"
  integrity sha512-Y38VPSHcqkFrCpFnQ9vuSXmquuv5oXOKpGeT6aGrr3o3Gc9AlVa6JBfUSOCnbxGGZF+/0ooI7KrPuUSztUdU5A==
  dependencies:
    ansi-regex "^5.0.1"

tabbable@^6.0.0:
  version "6.2.0"
  resolved "https://registry.yarnpkg.com/tabbable/-/tabbable-6.2.0.tgz#732fb62bc0175cfcec257330be187dcfba1f3b97"
  integrity sha512-Cat63mxsVJlzYvN51JmVXIgNoUokrIaT2zLclCXjRd8boZ0004U4KCs/sToJ75C6sdlByWxpYnb5Boif1VSFew==

tslib@^2.1.0:
  version "2.6.2"
  resolved "https://registry.npmjs.org/tslib/-/tslib-2.6.2.tgz"
  integrity sha512-AEYxH93jGFPn/a2iVAwW87VuUIkR1FVUKB77NwMF7nBTDkDrrT/Hpt/IrCJ0QXhW27jTBDcf5ZY7w6RiqTMw2Q==

undici-types@~5.26.4:
  version "5.26.5"
  resolved "https://registry.npmjs.org/undici-types/-/undici-types-5.26.5.tgz"
  integrity sha512-JlCMO+ehdEIKqlFxk6IfVoAUVmgz7cU7zD/h9XZ0qzeosSHmUJVOzSQvvYSYWXkFXC+IfLKSIffhv0sVZup6pA==

undici@5.28.4:
  version "5.28.4"
  resolved "https://registry.npmjs.org/undici/-/undici-5.28.4.tgz"
  integrity sha512-72RFADWFqKmUb2hmmvNODKL3p9hcB6Gt2DOQMis1SEBaV6a4MH8soBvzg+95CYhCKPFedut2JY9bMfrDl9D23g==
  dependencies:
    "@fastify/busboy" "^2.0.0"

websocket-driver@>=0.5.1:
  version "0.7.4"
  resolved "https://registry.npmjs.org/websocket-driver/-/websocket-driver-0.7.4.tgz"
  integrity sha512-b17KeDIQVjvb0ssuSDF2cYXSg2iztliJ4B9WdsuB6J952qCPKmnVq4DyW5motImXHDC1cBT/1UezrJVsKw5zjg==
  dependencies:
    http-parser-js ">=0.5.1"
    safe-buffer ">=5.1.0"
    websocket-extensions ">=0.1.1"

websocket-extensions@>=0.1.1:
  version "0.1.4"
  resolved "https://registry.npmjs.org/websocket-extensions/-/websocket-extensions-0.1.4.tgz"
  integrity sha512-OqedPIGOfsDlo31UNwYbCFMSaO9m9G/0faIHj5/dZFDMFqPTcx6UwqyOy3COEaEOg/9VsGIpdqn62W5KhoKSpg==

wrap-ansi@^7.0.0:
  version "7.0.0"
  resolved "https://registry.npmjs.org/wrap-ansi/-/wrap-ansi-7.0.0.tgz"
  integrity sha512-YVGIj2kamLSTxw6NsZjoBxfSwsn0ycdesmc4p+Q21c5zPuZ1pl+NfxVdxPtdHvmNVOQ6XSYG4AUtyt/Fi7D16Q==
  dependencies:
    ansi-styles "^4.0.0"
    string-width "^4.1.0"
    strip-ansi "^6.0.0"

y18n@^5.0.5:
  version "5.0.8"
  resolved "https://registry.npmjs.org/y18n/-/y18n-5.0.8.tgz"
  integrity sha512-0pfFzegeDWJHJIAmTLRP2DwHjdF5s7jo9tuztdQxAhINCdvS+3nGINqPd00AphqJR/0LhANUS6/+7SCb98YOfA==

yargs-parser@^21.1.1:
  version "21.1.1"
  resolved "https://registry.npmjs.org/yargs-parser/-/yargs-parser-21.1.1.tgz"
  integrity sha512-tVpsJW7DdjecAiFpbIB1e3qxIQsE6NoPc5/eTdrbbIC4h0LVsWhnoa3g+m2HclBIujHzsxZ4VJVA+GUuc2/LBw==

yargs@^17.7.2:
  version "17.7.2"
  resolved "https://registry.npmjs.org/yargs/-/yargs-17.7.2.tgz"
  integrity sha512-7dSzzRQ++CKnNI/krKnYRV7JKKPUXMEh61soaHKg9mrWEhzFWhFnxPxGl+69cD1Ou63C13NUPCnmIcrvqCuM6w==
  dependencies:
    cliui "^8.0.1"
    escalade "^3.1.1"
    get-caller-file "^2.0.5"
    require-directory "^2.1.1"
    string-width "^4.2.3"
    y18n "^5.0.5"
    yargs-parser "^21.1.1"
